
Microsoft Visual Studio Solution File, Format Version 12.00
# Visual Studio Version 17
VisualStudioVersion = 17.7.34031.279
MinimumVisualStudioVersion = 10.0.40219.1
Project("{9A19103F-16F7-4668-BE54-9A1E7A4F7556}") = "Hm04.09.2023", "Hm04.09.2023\Hm04.09.2023.csproj", "{BCF3692F-67E6-47A2-A572-4A8BB1F8D459}"
EndProject
Project("{9A19103F-16F7-4668-BE54-9A1E7A4F7556}") = "Hm23.09.2023", "Hm23.09.2023\Hm23.09.2023.csproj", "{19F67D0A-9E76-4655-9F70-077027EEDE97}"
EndProject
Project("{9A19103F-16F7-4668-BE54-9A1E7A4F7556}") = "Hm06.09.2023", "Hm_06.09.2023\Hm06.09.2023.csproj", "{5CAF710F-2FFD-4CA6-8448-3AC04F4B98FA}"
EndProject
Project("{FAE04EC0-301F-11D3-BF4B-00C04F79EFBC}") = "Hm12.10.2023", "Hm12.10.2023\Hm12.10.2023.csproj", "{2BAC389A-ADCC-49EA-8AF9-E7923E525111}"
EndProject
Global
	GlobalSection(SolutionConfigurationPlatforms) = preSolution
		Debug|Any CPU = Debug|Any CPU
		Release|Any CPU = Release|Any CPU
	EndGlobalSection
	GlobalSection(ProjectConfigurationPlatforms) = postSolution
		{BCF3692F-67E6-47A2-A572-4A8BB1F8D459}.Debug|Any CPU.ActiveCfg = Debug|Any CPU
		{BCF3692F-67E6-47A2-A572-4A8BB1F8D459}.Debug|Any CPU.Build.0 = Debug|Any CPU
		{BCF3692F-67E6-47A2-A572-4A8BB1F8D459}.Release|Any CPU.ActiveCfg = Release|Any CPU
		{BCF3692F-67E6-47A2-A572-4A8BB1F8D459}.Release|Any CPU.Build.0 = Release|Any CPU
		{19F67D0A-9E76-4655-9F70-077027EEDE97}.Debug|Any CPU.ActiveCfg = Debug|Any CPU
		{19F67D0A-9E76-4655-9F70-077027EEDE97}.Debug|Any CPU.Build.0 = Debug|Any CPU
		{19F67D0A-9E76-4655-9F70-077027EEDE97}.Release|Any CPU.ActiveCfg = Release|Any CPU
		{19F67D0A-9E76-4655-9F70-077027EEDE97}.Release|Any CPU.Build.0 = Release|Any CPU
		{5CAF710F-2FFD-4CA6-8448-3AC04F4B98FA}.Debug|Any CPU.ActiveCfg = Debug|Any CPU
		{5CAF710F-2FFD-4CA6-8448-3AC04F4B98FA}.Debug|Any CPU.Build.0 = Debug|Any CPU
		{5CAF710F-2FFD-4CA6-8448-3AC04F4B98FA}.Release|Any CPU.ActiveCfg = Release|Any CPU
		{5CAF710F-2FFD-4CA6-8448-3AC04F4B98FA}.Release|Any CPU.Build.0 = Release|Any CPU
		{2BAC389A-ADCC-49EA-8AF9-E7923E525111}.Debug|Any CPU.ActiveCfg = Debug|Any CPU
		{2BAC389A-ADCC-49EA-8AF9-E7923E525111}.Debug|Any CPU.Build.0 = Debug|Any CPU
		{2BAC389A-ADCC-49EA-8AF9-E7923E525111}.Release|Any CPU.ActiveCfg = Release|Any CPU
		{2BAC389A-ADCC-49EA-8AF9-E7923E525111}.Release|Any CPU.Build.0 = Release|Any CPU
	EndGlobalSection
	GlobalSection(SolutionProperties) = preSolution
		HideSolutionNode = FALSE
	EndGlobalSection
	GlobalSection(ExtensibilityGlobals) = postSolution
		SolutionGuid = {A14CC216-8C4D-4235-8E68-69917FC935E6}
	EndGlobalSection
EndGlobal
